
Microsoft Visual Studio Solution File, Format Version 12.00
# Visual Studio Version 17
VisualStudioVersion = 17.1.32328.378
MinimumVisualStudioVersion = 10.0.40219.1
Project("{9A19103F-16F7-4668-BE54-9A1E7A4F7556}") = "myMoney", "myMoney\myMoney.csproj", "{D3E6261E-5886-49D3-AE82-9900FF513B32}"
EndProject
Project("{2150E333-8FDC-42A3-9474-1A3956D46DE8}") = "Solution Items", "Solution Items", "{8EC462FD-D22E-90A8-E5CE-7E832BA40C5D}"
EndProject
Global
	GlobalSection(SolutionConfigurationPlatforms) = preSolution
		Debug|Any CPU = Debug|Any CPU
		Release|Any CPU = Release|Any CPU
	EndGlobalSection
	GlobalSection(ProjectConfigurationPlatforms) = postSolution
		{D3E6261E-5886-49D3-AE82-9900FF513B32}.Debug|Any CPU.ActiveCfg = Debug|Any CPU
		{D3E6261E-5886-49D3-AE82-9900FF513B32}.Debug|Any CPU.Build.0 = Debug|Any CPU
		{D3E6261E-5886-49D3-AE82-9900FF513B32}.Release|Any CPU.ActiveCfg = Release|Any CPU
		{D3E6261E-5886-49D3-AE82-9900FF513B32}.Release|Any CPU.Build.0 = Release|Any CPU
	EndGlobalSection
	GlobalSection(SolutionProperties) = preSolution
		HideSolutionNode = FALSE
	EndGlobalSection
	GlobalSection(ExtensibilityGlobals) = postSolution
		SolutionGuid = {4D14B854-D4B8-4D60-9C4E-FB0E0CAAAC85}
	EndGlobalSection
EndGlobal
